
Microsoft Visual Studio Solution File, Format Version 12.00
# Visual Studio Version 17
VisualStudioVersion = 17.8.34316.72
MinimumVisualStudioVersion = 10.0.40219.1
Project("{9A19103F-16F7-4668-BE54-9A1E7A4F7556}") = "ToDoApi", "ToDoApi\ToDoApi.csproj", "{023FC429-2D11-446A-86C3-6B53C8F8A1BD}"
EndProject
Project("{E53339B2-1760-4266-BCC7-CA923CBCF16C}") = "docker-compose", "docker-compose.dcproj", "{D77E8213-A268-4E14-84E4-196730EF5904}"
EndProject
Project("{FAE04EC0-301F-11D3-BF4B-00C04F79EFBC}") = "ToDoApiTests", "ToDoApiTests\ToDoApiTests.csproj", "{1815E67C-CD04-47D7-9E30-D45B12AC8781}"
EndProject
Global
	GlobalSection(SolutionConfigurationPlatforms) = preSolution
		Debug|Any CPU = Debug|Any CPU
		Release|Any CPU = Release|Any CPU
	EndGlobalSection
	GlobalSection(ProjectConfigurationPlatforms) = postSolution
		{023FC429-2D11-446A-86C3-6B53C8F8A1BD}.Debug|Any CPU.ActiveCfg = Debug|Any CPU
		{023FC429-2D11-446A-86C3-6B53C8F8A1BD}.Debug|Any CPU.Build.0 = Debug|Any CPU
		{023FC429-2D11-446A-86C3-6B53C8F8A1BD}.Release|Any CPU.ActiveCfg = Release|Any CPU
		{023FC429-2D11-446A-86C3-6B53C8F8A1BD}.Release|Any CPU.Build.0 = Release|Any CPU
		{D77E8213-A268-4E14-84E4-196730EF5904}.Debug|Any CPU.ActiveCfg = Debug|Any CPU
		{D77E8213-A268-4E14-84E4-196730EF5904}.Debug|Any CPU.Build.0 = Debug|Any CPU
		{D77E8213-A268-4E14-84E4-196730EF5904}.Release|Any CPU.ActiveCfg = Release|Any CPU
		{D77E8213-A268-4E14-84E4-196730EF5904}.Release|Any CPU.Build.0 = Release|Any CPU
		{1815E67C-CD04-47D7-9E30-D45B12AC8781}.Debug|Any CPU.ActiveCfg = Debug|Any CPU
		{1815E67C-CD04-47D7-9E30-D45B12AC8781}.Debug|Any CPU.Build.0 = Debug|Any CPU
		{1815E67C-CD04-47D7-9E30-D45B12AC8781}.Release|Any CPU.ActiveCfg = Release|Any CPU
		{1815E67C-CD04-47D7-9E30-D45B12AC8781}.Release|Any CPU.Build.0 = Release|Any CPU
	EndGlobalSection
	GlobalSection(SolutionProperties) = preSolution
		HideSolutionNode = FALSE
	EndGlobalSection
	GlobalSection(ExtensibilityGlobals) = postSolution
		SolutionGuid = {E228F18A-A84D-4976-BE5A-AA5521F171D4}
	EndGlobalSection
EndGlobal
